
Microsoft Visual Studio Solution File, Format Version 12.00
# Visual Studio Version 17
VisualStudioVersion = 17.0.32014.148
MinimumVisualStudioVersion = 10.0.40219.1
Project("{FAE04EC0-301F-11D3-BF4B-00C04F79EFBC}") = "LW1", "LW1\LW1.csproj", "{08770239-5FAE-4D9F-9083-DB6C4B3C26D7}"
EndProject
Project("{FAE04EC0-301F-11D3-BF4B-00C04F79EFBC}") = "task2", "task2\task2.csproj", "{AEDF3A72-76B0-44BC-ACFC-4521D27969E3}"
EndProject
Global
	GlobalSection(SolutionConfigurationPlatforms) = preSolution
		Debug|Any CPU = Debug|Any CPU
		Release|Any CPU = Release|Any CPU
	EndGlobalSection
	GlobalSection(ProjectConfigurationPlatforms) = postSolution
		{08770239-5FAE-4D9F-9083-DB6C4B3C26D7}.Debug|Any CPU.ActiveCfg = Debug|Any CPU
		{08770239-5FAE-4D9F-9083-DB6C4B3C26D7}.Debug|Any CPU.Build.0 = Debug|Any CPU
		{08770239-5FAE-4D9F-9083-DB6C4B3C26D7}.Release|Any CPU.ActiveCfg = Release|Any CPU
		{08770239-5FAE-4D9F-9083-DB6C4B3C26D7}.Release|Any CPU.Build.0 = Release|Any CPU
		{AEDF3A72-76B0-44BC-ACFC-4521D27969E3}.Debug|Any CPU.ActiveCfg = Debug|Any CPU
		{AEDF3A72-76B0-44BC-ACFC-4521D27969E3}.Debug|Any CPU.Build.0 = Debug|Any CPU
		{AEDF3A72-76B0-44BC-ACFC-4521D27969E3}.Release|Any CPU.ActiveCfg = Release|Any CPU
		{AEDF3A72-76B0-44BC-ACFC-4521D27969E3}.Release|Any CPU.Build.0 = Release|Any CPU
	EndGlobalSection
	GlobalSection(SolutionProperties) = preSolution
		HideSolutionNode = FALSE
	EndGlobalSection
	GlobalSection(ExtensibilityGlobals) = postSolution
		SolutionGuid = {E4D7FDF1-B22D-416B-8200-93ACBF5B7F0B}
	EndGlobalSection
EndGlobal
